
Microsoft Visual Studio Solution File, Format Version 12.00
# Visual Studio Version 17
VisualStudioVersion = 17.4.33213.308
MinimumVisualStudioVersion = 10.0.40219.1
Project("{9A19103F-16F7-4668-BE54-9A1E7A4F7556}") = "DevDatesAPI", "DevDatesAPI\DevDatesAPI.csproj", "{D17AD882-6EE1-4BA1-8003-FF8509EF2B8D}"
EndProject
Project("{9A19103F-16F7-4668-BE54-9A1E7A4F7556}") = "DevDates.Model", "DevDates.Model\DevDates.Model.csproj", "{2FD5579F-464F-432B-B0DD-510B636CC921}"
EndProject
Project("{9A19103F-16F7-4668-BE54-9A1E7A4F7556}") = "Wrapper", "Wrapper\Wrapper.csproj", "{9E27A2E5-7AB0-4C43-9F31-5CAE78EC1A1C}"
EndProject
Project("{FAE04EC0-301F-11D3-BF4B-00C04F79EFBC}") = "DevDates API Wrapper", "DevDates API Wrapper\DevDates API Wrapper.csproj", "{BA513A6A-18E9-41F6-A1EB-B026D2041CE1}"
EndProject
Global
	GlobalSection(SolutionConfigurationPlatforms) = preSolution
		Debug|Any CPU = Debug|Any CPU
		Release|Any CPU = Release|Any CPU
	EndGlobalSection
	GlobalSection(ProjectConfigurationPlatforms) = postSolution
		{D17AD882-6EE1-4BA1-8003-FF8509EF2B8D}.Debug|Any CPU.ActiveCfg = Debug|Any CPU
		{D17AD882-6EE1-4BA1-8003-FF8509EF2B8D}.Debug|Any CPU.Build.0 = Debug|Any CPU
		{D17AD882-6EE1-4BA1-8003-FF8509EF2B8D}.Release|Any CPU.ActiveCfg = Release|Any CPU
		{D17AD882-6EE1-4BA1-8003-FF8509EF2B8D}.Release|Any CPU.Build.0 = Release|Any CPU
		{2FD5579F-464F-432B-B0DD-510B636CC921}.Debug|Any CPU.ActiveCfg = Debug|Any CPU
		{2FD5579F-464F-432B-B0DD-510B636CC921}.Debug|Any CPU.Build.0 = Debug|Any CPU
		{2FD5579F-464F-432B-B0DD-510B636CC921}.Release|Any CPU.ActiveCfg = Release|Any CPU
		{2FD5579F-464F-432B-B0DD-510B636CC921}.Release|Any CPU.Build.0 = Release|Any CPU
		{9E27A2E5-7AB0-4C43-9F31-5CAE78EC1A1C}.Debug|Any CPU.ActiveCfg = Debug|Any CPU
		{9E27A2E5-7AB0-4C43-9F31-5CAE78EC1A1C}.Debug|Any CPU.Build.0 = Debug|Any CPU
		{9E27A2E5-7AB0-4C43-9F31-5CAE78EC1A1C}.Release|Any CPU.ActiveCfg = Release|Any CPU
		{9E27A2E5-7AB0-4C43-9F31-5CAE78EC1A1C}.Release|Any CPU.Build.0 = Release|Any CPU
		{BA513A6A-18E9-41F6-A1EB-B026D2041CE1}.Debug|Any CPU.ActiveCfg = Debug|Any CPU
		{BA513A6A-18E9-41F6-A1EB-B026D2041CE1}.Debug|Any CPU.Build.0 = Debug|Any CPU
		{BA513A6A-18E9-41F6-A1EB-B026D2041CE1}.Release|Any CPU.ActiveCfg = Release|Any CPU
		{BA513A6A-18E9-41F6-A1EB-B026D2041CE1}.Release|Any CPU.Build.0 = Release|Any CPU
	EndGlobalSection
	GlobalSection(SolutionProperties) = preSolution
		HideSolutionNode = FALSE
	EndGlobalSection
	GlobalSection(ExtensibilityGlobals) = postSolution
		SolutionGuid = {F12B7BC0-D0F1-4B1A-B4B6-46CEE43FFB29}
	EndGlobalSection
EndGlobal
